
Microsoft Visual Studio Solution File, Format Version 12.00
# Visual Studio 15
VisualStudioVersion = 15.0.26730.15
MinimumVisualStudioVersion = 10.0.40219.1
Project("{FAE04EC0-301F-11D3-BF4B-00C04F79EFBC}") = "Bankdb", "Bankdb\Bankdb.csproj", "{859AF4A4-F0B5-449B-B49D-6DA60580E46C}"
EndProject
Global
	GlobalSection(SolutionConfigurationPlatforms) = preSolution
		Debug|Any CPU = Debug|Any CPU
		Release|Any CPU = Release|Any CPU
	EndGlobalSection
	GlobalSection(ProjectConfigurationPlatforms) = postSolution
		{859AF4A4-F0B5-449B-B49D-6DA60580E46C}.Debug|Any CPU.ActiveCfg = Debug|Any CPU
		{859AF4A4-F0B5-449B-B49D-6DA60580E46C}.Debug|Any CPU.Build.0 = Debug|Any CPU
		{859AF4A4-F0B5-449B-B49D-6DA60580E46C}.Release|Any CPU.ActiveCfg = Release|Any CPU
		{859AF4A4-F0B5-449B-B49D-6DA60580E46C}.Release|Any CPU.Build.0 = Release|Any CPU
	EndGlobalSection
	GlobalSection(SolutionProperties) = preSolution
		HideSolutionNode = FALSE
	EndGlobalSection
	GlobalSection(ExtensibilityGlobals) = postSolution
		SolutionGuid = {9E89FC54-3223-4486-8E4E-7E90ED7F026E}
	EndGlobalSection
EndGlobal
